
Microsoft Visual Studio Solution File, Format Version 12.00
# Visual Studio Version 17
VisualStudioVersion = 17.6.33712.159
MinimumVisualStudioVersion = 10.0.40219.1
Project("{FAE04EC0-301F-11D3-BF4B-00C04F79EFBC}") = "obrazek", "obrazek\obrazek.csproj", "{D04303D4-5A5E-4EE6-907B-4358ECC56FAC}"
EndProject
Global
	GlobalSection(SolutionConfigurationPlatforms) = preSolution
		Debug|Any CPU = Debug|Any CPU
		Release|Any CPU = Release|Any CPU
	EndGlobalSection
	GlobalSection(ProjectConfigurationPlatforms) = postSolution
		{D04303D4-5A5E-4EE6-907B-4358ECC56FAC}.Debug|Any CPU.ActiveCfg = Debug|Any CPU
		{D04303D4-5A5E-4EE6-907B-4358ECC56FAC}.Debug|Any CPU.Build.0 = Debug|Any CPU
		{D04303D4-5A5E-4EE6-907B-4358ECC56FAC}.Release|Any CPU.ActiveCfg = Release|Any CPU
		{D04303D4-5A5E-4EE6-907B-4358ECC56FAC}.Release|Any CPU.Build.0 = Release|Any CPU
	EndGlobalSection
	GlobalSection(SolutionProperties) = preSolution
		HideSolutionNode = FALSE
	EndGlobalSection
	GlobalSection(ExtensibilityGlobals) = postSolution
		SolutionGuid = {BB886ED5-DD58-4AA2-9E2E-485BE45D4E7F}
	EndGlobalSection
EndGlobal
