
Microsoft Visual Studio Solution File, Format Version 12.00
# Visual Studio Version 17
VisualStudioVersion = 17.6.33712.159
MinimumVisualStudioVersion = 10.0.40219.1
Project("{FAE04EC0-301F-11D3-BF4B-00C04F79EFBC}") = "knihovna", "knihovna\knihovna.csproj", "{06F06213-9219-4CC7-8752-4676769902C7}"
EndProject
Global
	GlobalSection(SolutionConfigurationPlatforms) = preSolution
		Debug|Any CPU = Debug|Any CPU
		Release|Any CPU = Release|Any CPU
	EndGlobalSection
	GlobalSection(ProjectConfigurationPlatforms) = postSolution
		{06F06213-9219-4CC7-8752-4676769902C7}.Debug|Any CPU.ActiveCfg = Debug|Any CPU
		{06F06213-9219-4CC7-8752-4676769902C7}.Debug|Any CPU.Build.0 = Debug|Any CPU
		{06F06213-9219-4CC7-8752-4676769902C7}.Release|Any CPU.ActiveCfg = Release|Any CPU
		{06F06213-9219-4CC7-8752-4676769902C7}.Release|Any CPU.Build.0 = Release|Any CPU
	EndGlobalSection
	GlobalSection(SolutionProperties) = preSolution
		HideSolutionNode = FALSE
	EndGlobalSection
	GlobalSection(ExtensibilityGlobals) = postSolution
		SolutionGuid = {DE48BBC2-47B0-42E4-A87A-FE5EFEE61A8E}
	EndGlobalSection
EndGlobal
